// !$*UTF8*$!
{
	archiveVersion = 1;
	classes = {
	};
	objectVersion = 46;
	objects = {

/* Begin PBXBuildFile section */
		C09416F4BBBE3C0ABC431540 /* Pods_MenuBarControls.framework in Frameworks */ = {isa = PBXBuildFile; fileRef = F4A10F810616D467ADBE6EB0 /* Pods_MenuBarControls.framework */; };
		D603F8B82020951A008DC225 /* Context.swift in Sources */ = {isa = PBXBuildFile; fileRef = D603F8B72020951A008DC225 /* Context.swift */; };
		D603F8BC20209556008DC225 /* Player.swift in Sources */ = {isa = PBXBuildFile; fileRef = D603F8BB20209556008DC225 /* Player.swift */; };
		D603F8BE2021172A008DC225 /* Spotify.swift in Sources */ = {isa = PBXBuildFile; fileRef = D603F8BD2021172A008DC225 /* Spotify.swift */; };
		D603F8C420239C1B008DC225 /* iTunesScripting.swift in Sources */ = {isa = PBXBuildFile; fileRef = D603F8C320239C1B008DC225 /* iTunesScripting.swift */; };
		D603F8C620239CF8008DC225 /* iTunes.swift in Sources */ = {isa = PBXBuildFile; fileRef = D603F8C520239CF8008DC225 /* iTunes.swift */; };
		D603F8DE2026304D008DC225 /* CurrentTrack.swift in Sources */ = {isa = PBXBuildFile; fileRef = D603F8DD2026304D008DC225 /* CurrentTrack.swift */; };
		D620095F1F377EA300955303 /* SettingsWindowController.swift in Sources */ = {isa = PBXBuildFile; fileRef = D620095E1F377EA300955303 /* SettingsWindowController.swift */; };
		D63A6D741F20D43800028B14 /* AppDelegate.swift in Sources */ = {isa = PBXBuildFile; fileRef = D63A6D731F20D43800028B14 /* AppDelegate.swift */; };
		D63A6D7B1F20D43800028B14 /* Main.storyboard in Resources */ = {isa = PBXBuildFile; fileRef = D63A6D791F20D43800028B14 /* Main.storyboard */; };
		D63A6D841F20D46900028B14 /* SpotifyScripting.swift in Sources */ = {isa = PBXBuildFile; fileRef = D63A6D821F20D46900028B14 /* SpotifyScripting.swift */; };
		D63A6D871F20D47600028B14 /* EventMonitor.swift in Sources */ = {isa = PBXBuildFile; fileRef = D63A6D861F20D47600028B14 /* EventMonitor.swift */; };
		D63A6D8E1F20D69900028B14 /* PlayerPopoverViewController.swift in Sources */ = {isa = PBXBuildFile; fileRef = D63A6D8D1F20D69900028B14 /* PlayerPopoverViewController.swift */; };
		D63A6D911F20D6B900028B14 /* TextFieldFormatter.swift in Sources */ = {isa = PBXBuildFile; fileRef = D63A6D901F20D6B900028B14 /* TextFieldFormatter.swift */; };
		D63A6D951F20DA2800028B14 /* SettingsTabControllers.swift in Sources */ = {isa = PBXBuildFile; fileRef = D63A6D941F20DA2800028B14 /* SettingsTabControllers.swift */; };
		D681140E1F29B5B7007070E0 /* dsa_pub.pem in Resources */ = {isa = PBXBuildFile; fileRef = D681140D1F29B5B7007070E0 /* dsa_pub.pem */; };
		D6A712621F3625780074FBBF /* AppDelegate.swift in Sources */ = {isa = PBXBuildFile; fileRef = D6A712611F3625780074FBBF /* AppDelegate.swift */; };
		D6A712661F3625780074FBBF /* Assets.xcassets in Resources */ = {isa = PBXBuildFile; fileRef = D6A712651F3625780074FBBF /* Assets.xcassets */; };
		D6A712691F3625780074FBBF /* Main.storyboard in Resources */ = {isa = PBXBuildFile; fileRef = D6A712671F3625780074FBBF /* Main.storyboard */; };
		D6A7126F1F3626490074FBBF /* MBCHelper.app in Copy Files */ = {isa = PBXBuildFile; fileRef = D6A7125F1F3625780074FBBF /* MBCHelper.app */; settings = {ATTRIBUTES = (RemoveHeadersOnCopy, ); }; };
		D6AE6A501F393E1300A85AB5 /* Assets.xcassets in Resources */ = {isa = PBXBuildFile; fileRef = D6AE6A4F1F393E1300A85AB5 /* Assets.xcassets */; };
		D6B0CBE71F362AE40098B33F /* ServiceManagement.framework in Frameworks */ = {isa = PBXBuildFile; fileRef = D6A712701F36269F0074FBBF /* ServiceManagement.framework */; };
		D6EA0C381F37DE6800679D3C /* ImageMemory.swift in Sources */ = {isa = PBXBuildFile; fileRef = D6EA0C371F37DE6800679D3C /* ImageMemory.swift */; };
/* End PBXBuildFile section */

/* Begin PBXCopyFilesBuildPhase section */
		D6A7126E1F36262C0074FBBF /* Copy Files */ = {
			isa = PBXCopyFilesBuildPhase;
			buildActionMask = 2147483647;
			dstPath = Contents/Library/LoginItems;
			dstSubfolderSpec = 1;
			files = (
				D6A7126F1F3626490074FBBF /* MBCHelper.app in Copy Files */,
			);
			name = "Copy Files";
			runOnlyForDeploymentPostprocessing = 0;
		};
/* End PBXCopyFilesBuildPhase section */

/* Begin PBXFileReference section */
		2627885CA596E7F3F67674DC /* Pods-MenuBarControls.release.xcconfig */ = {isa = PBXFileReference; includeInIndex = 1; lastKnownFileType = text.xcconfig; name = "Pods-MenuBarControls.release.xcconfig"; path = "Pods/Target Support Files/Pods-MenuBarControls/Pods-MenuBarControls.release.xcconfig"; sourceTree = "<group>"; };
		D603F8B72020951A008DC225 /* Context.swift */ = {isa = PBXFileReference; lastKnownFileType = sourcecode.swift; path = Context.swift; sourceTree = "<group>"; };
		D603F8BB20209556008DC225 /* Player.swift */ = {isa = PBXFileReference; lastKnownFileType = sourcecode.swift; path = Player.swift; sourceTree = "<group>"; };
		D603F8BD2021172A008DC225 /* Spotify.swift */ = {isa = PBXFileReference; lastKnownFileType = sourcecode.swift; path = Spotify.swift; sourceTree = "<group>"; };
		D603F8C320239C1B008DC225 /* iTunesScripting.swift */ = {isa = PBXFileReference; fileEncoding = 4; lastKnownFileType = sourcecode.swift; path = iTunesScripting.swift; sourceTree = "<group>"; };
		D603F8C520239CF8008DC225 /* iTunes.swift */ = {isa = PBXFileReference; lastKnownFileType = sourcecode.swift; path = iTunes.swift; sourceTree = "<group>"; };
		D603F8DD2026304D008DC225 /* CurrentTrack.swift */ = {isa = PBXFileReference; lastKnownFileType = sourcecode.swift; path = CurrentTrack.swift; sourceTree = "<group>"; };
		D620095E1F377EA300955303 /* SettingsWindowController.swift */ = {isa = PBXFileReference; fileEncoding = 4; lastKnownFileType = sourcecode.swift; path = SettingsWindowController.swift; sourceTree = "<group>"; };
		D63A6D701F20D43800028B14 /* MenuBarControls.app */ = {isa = PBXFileReference; explicitFileType = wrapper.application; includeInIndex = 0; path = MenuBarControls.app; sourceTree = BUILT_PRODUCTS_DIR; };
		D63A6D731F20D43800028B14 /* AppDelegate.swift */ = {isa = PBXFileReference; lastKnownFileType = sourcecode.swift; path = AppDelegate.swift; sourceTree = "<group>"; };
		D63A6D7A1F20D43800028B14 /* Base */ = {isa = PBXFileReference; lastKnownFileType = file.storyboard; name = Base; path = Base.lproj/Main.storyboard; sourceTree = "<group>"; };
		D63A6D821F20D46900028B14 /* SpotifyScripting.swift */ = {isa = PBXFileReference; fileEncoding = 4; lastKnownFileType = sourcecode.swift; path = SpotifyScripting.swift; sourceTree = "<group>"; };
		D63A6D861F20D47600028B14 /* EventMonitor.swift */ = {isa = PBXFileReference; fileEncoding = 4; lastKnownFileType = sourcecode.swift; path = EventMonitor.swift; sourceTree = "<group>"; };
		D63A6D8D1F20D69900028B14 /* PlayerPopoverViewController.swift */ = {isa = PBXFileReference; fileEncoding = 4; lastKnownFileType = sourcecode.swift; path = PlayerPopoverViewController.swift; sourceTree = "<group>"; };
		D63A6D901F20D6B900028B14 /* TextFieldFormatter.swift */ = {isa = PBXFileReference; fileEncoding = 4; lastKnownFileType = sourcecode.swift; path = TextFieldFormatter.swift; sourceTree = "<group>"; };
		D63A6D921F20D8D100028B14 /* Info.plist */ = {isa = PBXFileReference; fileEncoding = 4; lastKnownFileType = text.plist.xml; path = Info.plist; sourceTree = "<group>"; };
		D63A6D941F20DA2800028B14 /* SettingsTabControllers.swift */ = {isa = PBXFileReference; fileEncoding = 4; lastKnownFileType = sourcecode.swift; path = SettingsTabControllers.swift; sourceTree = "<group>"; };
		D681140D1F29B5B7007070E0 /* dsa_pub.pem */ = {isa = PBXFileReference; fileEncoding = 4; lastKnownFileType = text; path = dsa_pub.pem; sourceTree = "<group>"; };
		D6A7125F1F3625780074FBBF /* MBCHelper.app */ = {isa = PBXFileReference; explicitFileType = wrapper.application; includeInIndex = 0; path = MBCHelper.app; sourceTree = BUILT_PRODUCTS_DIR; };
		D6A712611F3625780074FBBF /* AppDelegate.swift */ = {isa = PBXFileReference; lastKnownFileType = sourcecode.swift; path = AppDelegate.swift; sourceTree = "<group>"; };
		D6A712651F3625780074FBBF /* Assets.xcassets */ = {isa = PBXFileReference; lastKnownFileType = folder.assetcatalog; path = Assets.xcassets; sourceTree = "<group>"; };
		D6A712681F3625780074FBBF /* Base */ = {isa = PBXFileReference; lastKnownFileType = file.storyboard; name = Base; path = Base.lproj/Main.storyboard; sourceTree = "<group>"; };
		D6A7126A1F3625780074FBBF /* Info.plist */ = {isa = PBXFileReference; lastKnownFileType = text.plist.xml; path = Info.plist; sourceTree = "<group>"; };
		D6A712701F36269F0074FBBF /* ServiceManagement.framework */ = {isa = PBXFileReference; lastKnownFileType = wrapper.framework; name = ServiceManagement.framework; path = System/Library/Frameworks/ServiceManagement.framework; sourceTree = SDKROOT; };
		D6AE6A4F1F393E1300A85AB5 /* Assets.xcassets */ = {isa = PBXFileReference; lastKnownFileType = folder.assetcatalog; path = Assets.xcassets; sourceTree = "<group>"; };
		D6B0CBE51F362A550098B33F /* MBCHelper.entitlements */ = {isa = PBXFileReference; lastKnownFileType = text.plist.entitlements; path = MBCHelper.entitlements; sourceTree = "<group>"; };
		D6EA0C371F37DE6800679D3C /* ImageMemory.swift */ = {isa = PBXFileReference; fileEncoding = 4; lastKnownFileType = sourcecode.swift; path = ImageMemory.swift; sourceTree = "<group>"; };
		F4A10F810616D467ADBE6EB0 /* Pods_MenuBarControls.framework */ = {isa = PBXFileReference; explicitFileType = wrapper.framework; includeInIndex = 0; path = Pods_MenuBarControls.framework; sourceTree = BUILT_PRODUCTS_DIR; };
		FB393304AEC3412010B6CBA9 /* Pods-MenuBarControls.debug.xcconfig */ = {isa = PBXFileReference; includeInIndex = 1; lastKnownFileType = text.xcconfig; name = "Pods-MenuBarControls.debug.xcconfig"; path = "Pods/Target Support Files/Pods-MenuBarControls/Pods-MenuBarControls.debug.xcconfig"; sourceTree = "<group>"; };
/* End PBXFileReference section */

/* Begin PBXFrameworksBuildPhase section */
		D63A6D6D1F20D43800028B14 /* Frameworks */ = {
			isa = PBXFrameworksBuildPhase;
			buildActionMask = 2147483647;
			files = (
				C09416F4BBBE3C0ABC431540 /* Pods_MenuBarControls.framework in Frameworks */,
			);
			runOnlyForDeploymentPostprocessing = 0;
		};
		D6A7125C1F3625780074FBBF /* Frameworks */ = {
			isa = PBXFrameworksBuildPhase;
			buildActionMask = 2147483647;
			files = (
				D6B0CBE71F362AE40098B33F /* ServiceManagement.framework in Frameworks */,
			);
			runOnlyForDeploymentPostprocessing = 0;
		};
/* End PBXFrameworksBuildPhase section */

/* Begin PBXGroup section */
		1339DB32219043FE626D9E62 /* Pods */ = {
			isa = PBXGroup;
			children = (
				FB393304AEC3412010B6CBA9 /* Pods-MenuBarControls.debug.xcconfig */,
				2627885CA596E7F3F67674DC /* Pods-MenuBarControls.release.xcconfig */,
			);
			name = Pods;
			sourceTree = "<group>";
		};
		D603F8D62023B199008DC225 /* ScriptingBridge */ = {
			isa = PBXGroup;
			children = (
				D63A6D821F20D46900028B14 /* SpotifyScripting.swift */,
				D603F8C320239C1B008DC225 /* iTunesScripting.swift */,
			);
			path = ScriptingBridge;
			sourceTree = "<group>";
		};
		D603F8D82023B1C5008DC225 /* PlayerStates */ = {
			isa = PBXGroup;
			children = (
				D603F8BD2021172A008DC225 /* Spotify.swift */,
				D603F8C520239CF8008DC225 /* iTunes.swift */,
			);
			path = PlayerStates;
			sourceTree = "<group>";
		};
		D63A6D671F20D43800028B14 = {
			isa = PBXGroup;
			children = (
				D63A6D721F20D43800028B14 /* MenuBarControls */,
				D6A712601F3625780074FBBF /* MBCHelper */,
				D63A6D711F20D43800028B14 /* Products */,
				1339DB32219043FE626D9E62 /* Pods */,
				FE08AC116B0243FC39AAA0DE /* Frameworks */,
				D681140C1F29B5A9007070E0 /* Resources */,
			);
			sourceTree = "<group>";
		};
		D63A6D711F20D43800028B14 /* Products */ = {
			isa = PBXGroup;
			children = (
				D63A6D701F20D43800028B14 /* MenuBarControls.app */,
				D6A7125F1F3625780074FBBF /* MBCHelper.app */,
			);
			name = Products;
			sourceTree = "<group>";
		};
		D63A6D721F20D43800028B14 /* MenuBarControls */ = {
			isa = PBXGroup;
			children = (
				D63A6D8B1F20D67200028B14 /* Model */,
				D63A6D8C1F20D67C00028B14 /* View */,
				D63A6D8F1F20D69E00028B14 /* Controller */,
				D63A6D881F20D47A00028B14 /* Support */,
			);
			path = MenuBarControls;
			sourceTree = "<group>";
		};
		D63A6D881F20D47A00028B14 /* Support */ = {
			isa = PBXGroup;
			children = (
				D63A6D731F20D43800028B14 /* AppDelegate.swift */,
				D63A6D861F20D47600028B14 /* EventMonitor.swift */,
				D63A6D901F20D6B900028B14 /* TextFieldFormatter.swift */,
				D6EA0C371F37DE6800679D3C /* ImageMemory.swift */,
				D6AE6A4F1F393E1300A85AB5 /* Assets.xcassets */,
				D63A6D921F20D8D100028B14 /* Info.plist */,
			);
			name = Support;
			sourceTree = "<group>";
		};
		D63A6D8B1F20D67200028B14 /* Model */ = {
			isa = PBXGroup;
			children = (
				D603F8D62023B199008DC225 /* ScriptingBridge */,
				D603F8D82023B1C5008DC225 /* PlayerStates */,
				D603F8BB20209556008DC225 /* Player.swift */,
				D603F8DD2026304D008DC225 /* CurrentTrack.swift */,
				D603F8B72020951A008DC225 /* Context.swift */,
			);
			name = Model;
			sourceTree = "<group>";
		};
		D63A6D8C1F20D67C00028B14 /* View */ = {
			isa = PBXGroup;
			children = (
				D63A6D791F20D43800028B14 /* Main.storyboard */,
			);
			name = View;
			sourceTree = "<group>";
		};
		D63A6D8F1F20D69E00028B14 /* Controller */ = {
			isa = PBXGroup;
			children = (
				D63A6D8D1F20D69900028B14 /* PlayerPopoverViewController.swift */,
				D620095E1F377EA300955303 /* SettingsWindowController.swift */,
				D63A6D941F20DA2800028B14 /* SettingsTabControllers.swift */,
			);
			name = Controller;
			sourceTree = "<group>";
		};
		D681140C1F29B5A9007070E0 /* Resources */ = {
			isa = PBXGroup;
			children = (
				D681140D1F29B5B7007070E0 /* dsa_pub.pem */,
			);
			name = Resources;
			path = MenuBarControls;
			sourceTree = "<group>";
		};
		D6A712601F3625780074FBBF /* MBCHelper */ = {
			isa = PBXGroup;
			children = (
				D6B0CBE51F362A550098B33F /* MBCHelper.entitlements */,
				D6A712611F3625780074FBBF /* AppDelegate.swift */,
				D6A712651F3625780074FBBF /* Assets.xcassets */,
				D6A712671F3625780074FBBF /* Main.storyboard */,
				D6A7126A1F3625780074FBBF /* Info.plist */,
			);
			path = MBCHelper;
			sourceTree = "<group>";
		};
		FE08AC116B0243FC39AAA0DE /* Frameworks */ = {
			isa = PBXGroup;
			children = (
				D6A712701F36269F0074FBBF /* ServiceManagement.framework */,
				F4A10F810616D467ADBE6EB0 /* Pods_MenuBarControls.framework */,
			);
			name = Frameworks;
			sourceTree = "<group>";
		};
/* End PBXGroup section */

/* Begin PBXNativeTarget section */
		D63A6D6F1F20D43800028B14 /* MenuBarControls */ = {
			isa = PBXNativeTarget;
			buildConfigurationList = D63A6D7F1F20D43800028B14 /* Build configuration list for PBXNativeTarget "MenuBarControls" */;
			buildPhases = (
				455654E5DEFE93A57F2B5179 /* [CP] Check Pods Manifest.lock */,
				D63A6D6C1F20D43800028B14 /* Sources */,
				D63A6D6D1F20D43800028B14 /* Frameworks */,
				D63A6D6E1F20D43800028B14 /* Resources */,
				D63A6D961F21DB1F00028B14 /* ShellScript */,
				7764019AD2E970BFD4BF9A00 /* [CP] Embed Pods Frameworks */,
				2A4F148CECE1FDEB8A53DADC /* [CP] Copy Pods Resources */,
				D6A7126E1F36262C0074FBBF /* Copy Files */,
			);
			buildRules = (
			);
			dependencies = (
			);
			name = MenuBarControls;
			productName = MenuBarControls;
			productReference = D63A6D701F20D43800028B14 /* MenuBarControls.app */;
			productType = "com.apple.product-type.application";
		};
		D6A7125E1F3625780074FBBF /* MBCHelper */ = {
			isa = PBXNativeTarget;
			buildConfigurationList = D6A7126D1F3625780074FBBF /* Build configuration list for PBXNativeTarget "MBCHelper" */;
			buildPhases = (
				D6A7125B1F3625780074FBBF /* Sources */,
				D6A7125C1F3625780074FBBF /* Frameworks */,
				D6A7125D1F3625780074FBBF /* Resources */,
			);
			buildRules = (
			);
			dependencies = (
			);
			name = MBCHelper;
			productName = MBCHelper;
			productReference = D6A7125F1F3625780074FBBF /* MBCHelper.app */;
			productType = "com.apple.product-type.application";
		};
/* End PBXNativeTarget section */

/* Begin PBXProject section */
		D63A6D681F20D43800028B14 /* Project object */ = {
			isa = PBXProject;
			attributes = {
				LastSwiftUpdateCheck = 0830;
				LastUpgradeCheck = 0900;
				ORGANIZATIONNAME = Ghostly;
				TargetAttributes = {
					D63A6D6F1F20D43800028B14 = {
						CreatedOnToolsVersion = 8.3.3;
						LastSwiftMigration = 0900;
						ProvisioningStyle = Manual;
						SystemCapabilities = {
							com.apple.Sandbox = {
								enabled = 0;
							};
						};
					};
					D6A7125E1F3625780074FBBF = {
						CreatedOnToolsVersion = 8.3.3;
						DevelopmentTeam = 59UH2C9S7L;
						LastSwiftMigration = 0900;
						ProvisioningStyle = Automatic;
						SystemCapabilities = {
							com.apple.Sandbox = {
								enabled = 1;
							};
						};
					};
				};
			};
			buildConfigurationList = D63A6D6B1F20D43800028B14 /* Build configuration list for PBXProject "MenuBarControls" */;
			compatibilityVersion = "Xcode 3.2";
			developmentRegion = English;
			hasScannedForEncodings = 0;
			knownRegions = (
				en,
				Base,
			);
			mainGroup = D63A6D671F20D43800028B14;
			productRefGroup = D63A6D711F20D43800028B14 /* Products */;
			projectDirPath = "";
			projectRoot = "";
			targets = (
				D63A6D6F1F20D43800028B14 /* MenuBarControls */,
				D6A7125E1F3625780074FBBF /* MBCHelper */,
			);
		};
/* End PBXProject section */

/* Begin PBXResourcesBuildPhase section */
		D63A6D6E1F20D43800028B14 /* Resources */ = {
			isa = PBXResourcesBuildPhase;
			buildActionMask = 2147483647;
			files = (
				D681140E1F29B5B7007070E0 /* dsa_pub.pem in Resources */,
				D6AE6A501F393E1300A85AB5 /* Assets.xcassets in Resources */,
				D63A6D7B1F20D43800028B14 /* Main.storyboard in Resources */,
			);
			runOnlyForDeploymentPostprocessing = 0;
		};
		D6A7125D1F3625780074FBBF /* Resources */ = {
			isa = PBXResourcesBuildPhase;
			buildActionMask = 2147483647;
			files = (
				D6A712661F3625780074FBBF /* Assets.xcassets in Resources */,
				D6A712691F3625780074FBBF /* Main.storyboard in Resources */,
			);
			runOnlyForDeploymentPostprocessing = 0;
		};
/* End PBXResourcesBuildPhase section */

/* Begin PBXShellScriptBuildPhase section */
		2A4F148CECE1FDEB8A53DADC /* [CP] Copy Pods Resources */ = {
			isa = PBXShellScriptBuildPhase;
			buildActionMask = 2147483647;
			files = (
			);
			inputPaths = (
			);
			name = "[CP] Copy Pods Resources";
			outputPaths = (
			);
			runOnlyForDeploymentPostprocessing = 0;
			shellPath = /bin/sh;
			shellScript = "\"${SRCROOT}/Pods/Target Support Files/Pods-MenuBarControls/Pods-MenuBarControls-resources.sh\"\n";
			showEnvVarsInLog = 0;
		};
		455654E5DEFE93A57F2B5179 /* [CP] Check Pods Manifest.lock */ = {
			isa = PBXShellScriptBuildPhase;
			buildActionMask = 2147483647;
			files = (
			);
			inputPaths = (
			);
			name = "[CP] Check Pods Manifest.lock";
			outputPaths = (
			);
			runOnlyForDeploymentPostprocessing = 0;
			shellPath = /bin/sh;
			shellScript = "diff \"${PODS_PODFILE_DIR_PATH}/Podfile.lock\" \"${PODS_ROOT}/Manifest.lock\" > /dev/null\nif [ $? != 0 ] ; then\n    # print error to STDERR\n    echo \"error: The sandbox is not in sync with the Podfile.lock. Run 'pod install' or update your CocoaPods installation.\" >&2\n    exit 1\nfi\n";
			showEnvVarsInLog = 0;
		};
		7764019AD2E970BFD4BF9A00 /* [CP] Embed Pods Frameworks */ = {
			isa = PBXShellScriptBuildPhase;
			buildActionMask = 2147483647;
			files = (
			);
			inputPaths = (
			);
			name = "[CP] Embed Pods Frameworks";
			outputPaths = (
			);
			runOnlyForDeploymentPostprocessing = 0;
			shellPath = /bin/sh;
			shellScript = "\"${SRCROOT}/Pods/Target Support Files/Pods-MenuBarControls/Pods-MenuBarControls-frameworks.sh\"\n";
			showEnvVarsInLog = 0;
		};
		D63A6D961F21DB1F00028B14 /* ShellScript */ = {
			isa = PBXShellScriptBuildPhase;
			buildActionMask = 2147483647;
			files = (
			);
			inputPaths = (
			);
			outputPaths = (
			);
			runOnlyForDeploymentPostprocessing = 0;
			shellPath = /bin/sh;
			shellScript = "";
		};
/* End PBXShellScriptBuildPhase section */

/* Begin PBXSourcesBuildPhase section */
		D63A6D6C1F20D43800028B14 /* Sources */ = {
			isa = PBXSourcesBuildPhase;
			buildActionMask = 2147483647;
			files = (
				D603F8BC20209556008DC225 /* Player.swift in Sources */,
				D6EA0C381F37DE6800679D3C /* ImageMemory.swift in Sources */,
				D63A6D951F20DA2800028B14 /* SettingsTabControllers.swift in Sources */,
				D603F8DE2026304D008DC225 /* CurrentTrack.swift in Sources */,
				D603F8B82020951A008DC225 /* Context.swift in Sources */,
				D63A6D871F20D47600028B14 /* EventMonitor.swift in Sources */,
				D603F8BE2021172A008DC225 /* Spotify.swift in Sources */,
				D63A6D911F20D6B900028B14 /* TextFieldFormatter.swift in Sources */,
				D63A6D841F20D46900028B14 /* SpotifyScripting.swift in Sources */,
				D603F8C620239CF8008DC225 /* iTunes.swift in Sources */,
				D603F8C420239C1B008DC225 /* iTunesScripting.swift in Sources */,
				D63A6D741F20D43800028B14 /* AppDelegate.swift in Sources */,
				D620095F1F377EA300955303 /* SettingsWindowController.swift in Sources */,
				D63A6D8E1F20D69900028B14 /* PlayerPopoverViewController.swift in Sources */,
			);
			runOnlyForDeploymentPostprocessing = 0;
		};
		D6A7125B1F3625780074FBBF /* Sources */ = {
			isa = PBXSourcesBuildPhase;
			buildActionMask = 2147483647;
			files = (
				D6A712621F3625780074FBBF /* AppDelegate.swift in Sources */,
			);
			runOnlyForDeploymentPostprocessing = 0;
		};
/* End PBXSourcesBuildPhase section */

/* Begin PBXVariantGroup section */
		D63A6D791F20D43800028B14 /* Main.storyboard */ = {
			isa = PBXVariantGroup;
			children = (
				D63A6D7A1F20D43800028B14 /* Base */,
			);
			name = Main.storyboard;
			sourceTree = "<group>";
		};
		D6A712671F3625780074FBBF /* Main.storyboard */ = {
			isa = PBXVariantGroup;
			children = (
				D6A712681F3625780074FBBF /* Base */,
			);
			name = Main.storyboard;
			sourceTree = "<group>";
		};
/* End PBXVariantGroup section */

/* Begin XCBuildConfiguration section */
		D63A6D7D1F20D43800028B14 /* Debug */ = {
			isa = XCBuildConfiguration;
			buildSettings = {
				ALWAYS_SEARCH_USER_PATHS = NO;
				CLANG_ANALYZER_NONNULL = YES;
				CLANG_ANALYZER_NUMBER_OBJECT_CONVERSION = YES_AGGRESSIVE;
				CLANG_CXX_LANGUAGE_STANDARD = "gnu++0x";
				CLANG_CXX_LIBRARY = "libc++";
				CLANG_ENABLE_MODULES = YES;
				CLANG_ENABLE_OBJC_ARC = YES;
				CLANG_WARN_BLOCK_CAPTURE_AUTORELEASING = YES;
				CLANG_WARN_BOOL_CONVERSION = YES;
				CLANG_WARN_COMMA = YES;
				CLANG_WARN_CONSTANT_CONVERSION = YES;
				CLANG_WARN_DIRECT_OBJC_ISA_USAGE = YES_ERROR;
				CLANG_WARN_DOCUMENTATION_COMMENTS = YES;
				CLANG_WARN_EMPTY_BODY = YES;
				CLANG_WARN_ENUM_CONVERSION = YES;
				CLANG_WARN_INFINITE_RECURSION = YES;
				CLANG_WARN_INT_CONVERSION = YES;
				CLANG_WARN_NON_LITERAL_NULL_CONVERSION = YES;
				CLANG_WARN_OBJC_LITERAL_CONVERSION = YES;
				CLANG_WARN_OBJC_ROOT_CLASS = YES_ERROR;
				CLANG_WARN_RANGE_LOOP_ANALYSIS = YES;
				CLANG_WARN_STRICT_PROTOTYPES = YES;
				CLANG_WARN_SUSPICIOUS_MOVE = YES;
				CLANG_WARN_UNREACHABLE_CODE = YES;
				CLANG_WARN__DUPLICATE_METHOD_MATCH = YES;
				CODE_SIGN_IDENTITY = "-";
				COPY_PHASE_STRIP = NO;
				DEBUG_INFORMATION_FORMAT = dwarf;
				ENABLE_STRICT_OBJC_MSGSEND = YES;
				ENABLE_TESTABILITY = YES;
				GCC_C_LANGUAGE_STANDARD = gnu99;
				GCC_DYNAMIC_NO_PIC = NO;
				GCC_NO_COMMON_BLOCKS = YES;
				GCC_OPTIMIZATION_LEVEL = 0;
				GCC_PREPROCESSOR_DEFINITIONS = (
					"DEBUG=1",
					"$(inherited)",
				);
				GCC_WARN_64_TO_32_BIT_CONVERSION = YES;
				GCC_WARN_ABOUT_RETURN_TYPE = YES_ERROR;
				GCC_WARN_UNDECLARED_SELECTOR = YES;
				GCC_WARN_UNINITIALIZED_AUTOS = YES_AGGRESSIVE;
				GCC_WARN_UNUSED_FUNCTION = YES;
				GCC_WARN_UNUSED_VARIABLE = YES;
				MACOSX_DEPLOYMENT_TARGET = 10.12;
				MTL_ENABLE_DEBUG_INFO = YES;
				ONLY_ACTIVE_ARCH = YES;
				SDKROOT = macosx;
				SWIFT_ACTIVE_COMPILATION_CONDITIONS = DEBUG;
				SWIFT_OPTIMIZATION_LEVEL = "-Onone";
			};
			name = Debug;
		};
		D63A6D7E1F20D43800028B14 /* Release */ = {
			isa = XCBuildConfiguration;
			buildSettings = {
				ALWAYS_SEARCH_USER_PATHS = NO;
				CLANG_ANALYZER_NONNULL = YES;
				CLANG_ANALYZER_NUMBER_OBJECT_CONVERSION = YES_AGGRESSIVE;
				CLANG_CXX_LANGUAGE_STANDARD = "gnu++0x";
				CLANG_CXX_LIBRARY = "libc++";
				CLANG_ENABLE_MODULES = YES;
				CLANG_ENABLE_OBJC_ARC = YES;
				CLANG_WARN_BLOCK_CAPTURE_AUTORELEASING = YES;
				CLANG_WARN_BOOL_CONVERSION = YES;
				CLANG_WARN_COMMA = YES;
				CLANG_WARN_CONSTANT_CONVERSION = YES;
				CLANG_WARN_DIRECT_OBJC_ISA_USAGE = YES_ERROR;
				CLANG_WARN_DOCUMENTATION_COMMENTS = YES;
				CLANG_WARN_EMPTY_BODY = YES;
				CLANG_WARN_ENUM_CONVERSION = YES;
				CLANG_WARN_INFINITE_RECURSION = YES;
				CLANG_WARN_INT_CONVERSION = YES;
				CLANG_WARN_NON_LITERAL_NULL_CONVERSION = YES;
				CLANG_WARN_OBJC_LITERAL_CONVERSION = YES;
				CLANG_WARN_OBJC_ROOT_CLASS = YES_ERROR;
				CLANG_WARN_RANGE_LOOP_ANALYSIS = YES;
				CLANG_WARN_STRICT_PROTOTYPES = YES;
				CLANG_WARN_SUSPICIOUS_MOVE = YES;
				CLANG_WARN_UNREACHABLE_CODE = YES;
				CLANG_WARN__DUPLICATE_METHOD_MATCH = YES;
				CODE_SIGN_IDENTITY = "-";
				COPY_PHASE_STRIP = NO;
				DEBUG_INFORMATION_FORMAT = "dwarf-with-dsym";
				ENABLE_NS_ASSERTIONS = NO;
				ENABLE_STRICT_OBJC_MSGSEND = YES;
				GCC_C_LANGUAGE_STANDARD = gnu99;
				GCC_NO_COMMON_BLOCKS = YES;
				GCC_WARN_64_TO_32_BIT_CONVERSION = YES;
				GCC_WARN_ABOUT_RETURN_TYPE = YES_ERROR;
				GCC_WARN_UNDECLARED_SELECTOR = YES;
				GCC_WARN_UNINITIALIZED_AUTOS = YES_AGGRESSIVE;
				GCC_WARN_UNUSED_FUNCTION = YES;
				GCC_WARN_UNUSED_VARIABLE = YES;
				MACOSX_DEPLOYMENT_TARGET = 10.12;
				MTL_ENABLE_DEBUG_INFO = NO;
				SDKROOT = macosx;
				SWIFT_OPTIMIZATION_LEVEL = "-Owholemodule";
			};
			name = Release;
		};
		D63A6D801F20D43800028B14 /* Debug */ = {
			isa = XCBuildConfiguration;
			baseConfigurationReference = FB393304AEC3412010B6CBA9 /* Pods-MenuBarControls.debug.xcconfig */;
			buildSettings = {
				ASSETCATALOG_COMPILER_APPICON_NAME = AppIcon;
				CODE_SIGN_IDENTITY = "";
				COMBINE_HIDPI_IMAGES = YES;
				DEVELOPMENT_TEAM = "";
				INFOPLIST_FILE = MenuBarControls/Info.plist;
				LD_RUNPATH_SEARCH_PATHS = "$(inherited) @executable_path/../Frameworks";
				MACOSX_DEPLOYMENT_TARGET = 10.12;
				PRODUCT_BUNDLE_IDENTIFIER = com.Ghostly.MenuBarControls;
				PRODUCT_NAME = "$(TARGET_NAME)";
				PROVISIONING_PROFILE_SPECIFIER = "";
				SWIFT_SWIFT3_OBJC_INFERENCE = Off;
				SWIFT_VERSION = 4.0;
			};
			name = Debug;
		};
		D63A6D811F20D43800028B14 /* Release */ = {
			isa = XCBuildConfiguration;
			baseConfigurationReference = 2627885CA596E7F3F67674DC /* Pods-MenuBarControls.release.xcconfig */;
			buildSettings = {
				ASSETCATALOG_COMPILER_APPICON_NAME = AppIcon;
				CODE_SIGN_IDENTITY = "";
				COMBINE_HIDPI_IMAGES = YES;
				DEVELOPMENT_TEAM = "";
				INFOPLIST_FILE = MenuBarControls/Info.plist;
				LD_RUNPATH_SEARCH_PATHS = "$(inherited) @executable_path/../Frameworks";
				MACOSX_DEPLOYMENT_TARGET = 10.12;
				PRODUCT_BUNDLE_IDENTIFIER = com.Ghostly.MenuBarControls;
				PRODUCT_NAME = "$(TARGET_NAME)";
				PROVISIONING_PROFILE_SPECIFIER = "";
				SWIFT_SWIFT3_OBJC_INFERENCE = Off;
				SWIFT_VERSION = 4.0;
			};
			name = Release;
		};
		D6A7126B1F3625780074FBBF /* Debug */ = {
			isa = XCBuildConfiguration;
			buildSettings = {
				ASSETCATALOG_COMPILER_APPICON_NAME = AppIcon;
				CODE_SIGN_ENTITLEMENTS = MBCHelper/MBCHelper.entitlements;
				CODE_SIGN_IDENTITY = "Mac Developer";
				COMBINE_HIDPI_IMAGES = YES;
				DEVELOPMENT_TEAM = 59UH2C9S7L;
				INFOPLIST_FILE = MBCHelper/Info.plist;
				LD_RUNPATH_SEARCH_PATHS = "$(inherited) @executable_path/../Frameworks";
				PRODUCT_BUNDLE_IDENTIFIER = com.Ghostly.MBCLauncher;
				PRODUCT_NAME = "$(TARGET_NAME)";
				PROVISIONING_PROFILE_SPECIFIER = "";
				SKIP_INSTALL = YES;
				SWIFT_SWIFT3_OBJC_INFERENCE = Off;
				SWIFT_VERSION = 4.0;
			};
			name = Debug;
		};
		D6A7126C1F3625780074FBBF /* Release */ = {
			isa = XCBuildConfiguration;
			buildSettings = {
				ASSETCATALOG_COMPILER_APPICON_NAME = AppIcon;
				CODE_SIGN_ENTITLEMENTS = MBCHelper/MBCHelper.entitlements;
				CODE_SIGN_IDENTITY = "Mac Developer";
				COMBINE_HIDPI_IMAGES = YES;
				DEVELOPMENT_TEAM = 59UH2C9S7L;
				INFOPLIST_FILE = MBCHelper/Info.plist;
				LD_RUNPATH_SEARCH_PATHS = "$(inherited) @executable_path/../Frameworks";
				PRODUCT_BUNDLE_IDENTIFIER = com.Ghostly.MBCLauncher;
				PRODUCT_NAME = "$(TARGET_NAME)";
				PROVISIONING_PROFILE_SPECIFIER = "";
				SKIP_INSTALL = YES;
				SWIFT_SWIFT3_OBJC_INFERENCE = Off;
				SWIFT_VERSION = 4.0;
			};
			name = Release;
		};
/* End XCBuildConfiguration section */

/* Begin XCConfigurationList section */
		D63A6D6B1F20D43800028B14 /* Build configuration list for PBXProject "MenuBarControls" */ = {
			isa = XCConfigurationList;
			buildConfigurations = (
				D63A6D7D1F20D43800028B14 /* Debug */,
				D63A6D7E1F20D43800028B14 /* Release */,
			);
			defaultConfigurationIsVisible = 0;
			defaultConfigurationName = Release;
		};
		D63A6D7F1F20D43800028B14 /* Build configuration list for PBXNativeTarget "MenuBarControls" */ = {
			isa = XCConfigurationList;
			buildConfigurations = (
				D63A6D801F20D43800028B14 /* Debug */,
				D63A6D811F20D43800028B14 /* Release */,
			);
			defaultConfigurationIsVisible = 0;
			defaultConfigurationName = Release;
		};
		D6A7126D1F3625780074FBBF /* Build configuration list for PBXNativeTarget "MBCHelper" */ = {
			isa = XCConfigurationList;
			buildConfigurations = (
				D6A7126B1F3625780074FBBF /* Debug */,
				D6A7126C1F3625780074FBBF /* Release */,
			);
			defaultConfigurationIsVisible = 0;
			defaultConfigurationName = Release;
		};
/* End XCConfigurationList section */
	};
	rootObject = D63A6D681F20D43800028B14 /* Project object */;
}
